// !$*UTF8*$!
{
	archiveVersion = 1;
	classes = {
	};
	objectVersion = 50;
	objects = {

/* Begin PBXBuildFile section */
		86065EC62BE235B300EE485A /* UsersVM.swift in Sources */ = {isa = PBXBuildFile; fileRef = 86065EC52BE235B300EE485A /* UsersVM.swift */; };
		86065ECC2BE2365000EE485A /* UsersModel.swift in Sources */ = {isa = PBXBuildFile; fileRef = 86065ECB2BE2365000EE485A /* UsersModel.swift */; };
		86065EDE2BE2715300EE485A /* NetworkError.swift in Sources */ = {isa = PBXBuildFile; fileRef = 86065EDD2BE2715300EE485A /* NetworkError.swift */; };
		86065EE62BE2734D00EE485A /* NetworkManager.swift in Sources */ = {isa = PBXBuildFile; fileRef = 86065EE52BE2734D00EE485A /* NetworkManager.swift */; };
		86065EEB2BE2811700EE485A /* AlertItem.swift in Sources */ = {isa = PBXBuildFile; fileRef = 86065EEA2BE2811700EE485A /* AlertItem.swift */; };
		86065EF22BE282E500EE485A /* LoadingView.swift in Sources */ = {isa = PBXBuildFile; fileRef = 86065EF12BE282E500EE485A /* LoadingView.swift */; };
		86EE907B2BE231D400FB6960 /* CodilityApp.swift in Sources */ = {isa = PBXBuildFile; fileRef = 86EE907A2BE231D400FB6960 /* CodilityApp.swift */; };
		86EE907D2BE231D400FB6960 /* UsersView.swift in Sources */ = {isa = PBXBuildFile; fileRef = 86EE907C2BE231D400FB6960 /* UsersView.swift */; };
		86EE907F2BE231E600FB6960 /* Assets.xcassets in Resources */ = {isa = PBXBuildFile; fileRef = 86EE907E2BE231E600FB6960 /* Assets.xcassets */; };
		86EE90822BE231E600FB6960 /* Preview Assets.xcassets in Resources */ = {isa = PBXBuildFile; fileRef = 86EE90812BE231E600FB6960 /* Preview Assets.xcassets */; };
		86EE908D2BE231E800FB6960 /* CodilityAppTests.swift in Sources */ = {isa = PBXBuildFile; fileRef = 86EE908C2BE231E800FB6960 /* CodilityAppTests.swift */; };
		86EE90982BE231E800FB6960 /* CodilityAppUITests.swift in Sources */ = {isa = PBXBuildFile; fileRef = 86EE90972BE231E800FB6960 /* CodilityAppUITests.swift */; };
		86F316272BE613F70013F924 /* ImageLoaderVM.swift in Sources */ = {isa = PBXBuildFile; fileRef = 86F316262BE613F60013F924 /* ImageLoaderVM.swift */; };
		86F3162C2BE615CF0013F924 /* ProfileImgView.swift in Sources */ = {isa = PBXBuildFile; fileRef = 86F3162B2BE615CF0013F924 /* ProfileImgView.swift */; };
		86F316372BE619510013F924 /* UserDetailView.swift in Sources */ = {isa = PBXBuildFile; fileRef = 86F316362BE619500013F924 /* UserDetailView.swift */; };
		86F316402BE6713E0013F924 /* ZoomableScrollView.swift in Sources */ = {isa = PBXBuildFile; fileRef = 86F3163F2BE6713D0013F924 /* ZoomableScrollView.swift */; };
/* End PBXBuildFile section */

/* Begin PBXContainerItemProxy section */
		86EE90892BE231E800FB6960 /* PBXContainerItemProxy */ = {
			isa = PBXContainerItemProxy;
			containerPortal = 86EE906F2BE231D300FB6960 /* Project object */;
			proxyType = 1;
			remoteGlobalIDString = 86EE90762BE231D300FB6960;
			remoteInfo = CodilityApp;
		};
		86EE90942BE231E800FB6960 /* PBXContainerItemProxy */ = {
			isa = PBXContainerItemProxy;
			containerPortal = 86EE906F2BE231D300FB6960 /* Project object */;
			proxyType = 1;
			remoteGlobalIDString = 86EE90762BE231D300FB6960;
			remoteInfo = CodilityApp;
		};
/* End PBXContainerItemProxy section */

/* Begin PBXFileReference section */
		86065EC52BE235B300EE485A /* UsersVM.swift */ = {isa = PBXFileReference; lastKnownFileType = sourcecode.swift; path = UsersVM.swift; sourceTree = "<group>"; };
		86065ECB2BE2365000EE485A /* UsersModel.swift */ = {isa = PBXFileReference; lastKnownFileType = sourcecode.swift; path = UsersModel.swift; sourceTree = "<group>"; };
		86065EDD2BE2715300EE485A /* NetworkError.swift */ = {isa = PBXFileReference; lastKnownFileType = sourcecode.swift; path = NetworkError.swift; sourceTree = "<group>"; };
		86065EE52BE2734D00EE485A /* NetworkManager.swift */ = {isa = PBXFileReference; lastKnownFileType = sourcecode.swift; path = NetworkManager.swift; sourceTree = "<group>"; };
		86065EEA2BE2811700EE485A /* AlertItem.swift */ = {isa = PBXFileReference; lastKnownFileType = sourcecode.swift; path = AlertItem.swift; sourceTree = "<group>"; };
		86065EF12BE282E500EE485A /* LoadingView.swift */ = {isa = PBXFileReference; lastKnownFileType = sourcecode.swift; path = LoadingView.swift; sourceTree = "<group>"; };
		86EE90772BE231D300FB6960 /* CodilityApp.app */ = {isa = PBXFileReference; explicitFileType = wrapper.application; includeInIndex = 0; path = CodilityApp.app; sourceTree = BUILT_PRODUCTS_DIR; };
		86EE907A2BE231D400FB6960 /* CodilityApp.swift */ = {isa = PBXFileReference; lastKnownFileType = sourcecode.swift; path = CodilityApp.swift; sourceTree = "<group>"; };
		86EE907C2BE231D400FB6960 /* UsersView.swift */ = {isa = PBXFileReference; lastKnownFileType = sourcecode.swift; path = UsersView.swift; sourceTree = "<group>"; };
		86EE907E2BE231E600FB6960 /* Assets.xcassets */ = {isa = PBXFileReference; lastKnownFileType = folder.assetcatalog; path = Assets.xcassets; sourceTree = "<group>"; };
		86EE90812BE231E600FB6960 /* Preview Assets.xcassets */ = {isa = PBXFileReference; lastKnownFileType = folder.assetcatalog; path = "Preview Assets.xcassets"; sourceTree = "<group>"; };
		86EE90832BE231E700FB6960 /* Info.plist */ = {isa = PBXFileReference; lastKnownFileType = text.plist.xml; path = Info.plist; sourceTree = "<group>"; };
		86EE90882BE231E800FB6960 /* CodilityAppTests.xctest */ = {isa = PBXFileReference; explicitFileType = wrapper.cfbundle; includeInIndex = 0; path = CodilityAppTests.xctest; sourceTree = BUILT_PRODUCTS_DIR; };
		86EE908C2BE231E800FB6960 /* CodilityAppTests.swift */ = {isa = PBXFileReference; lastKnownFileType = sourcecode.swift; path = CodilityAppTests.swift; sourceTree = "<group>"; };
		86EE908E2BE231E800FB6960 /* Info.plist */ = {isa = PBXFileReference; lastKnownFileType = text.plist.xml; path = Info.plist; sourceTree = "<group>"; };
		86EE90932BE231E800FB6960 /* CodilityAppUITests.xctest */ = {isa = PBXFileReference; explicitFileType = wrapper.cfbundle; includeInIndex = 0; path = CodilityAppUITests.xctest; sourceTree = BUILT_PRODUCTS_DIR; };
		86EE90972BE231E800FB6960 /* CodilityAppUITests.swift */ = {isa = PBXFileReference; lastKnownFileType = sourcecode.swift; path = CodilityAppUITests.swift; sourceTree = "<group>"; };
		86EE90992BE231E800FB6960 /* Info.plist */ = {isa = PBXFileReference; lastKnownFileType = text.plist.xml; path = Info.plist; sourceTree = "<group>"; };
		86F316262BE613F60013F924 /* ImageLoaderVM.swift */ = {isa = PBXFileReference; lastKnownFileType = sourcecode.swift; path = ImageLoaderVM.swift; sourceTree = "<group>"; };
		86F3162B2BE615CF0013F924 /* ProfileImgView.swift */ = {isa = PBXFileReference; lastKnownFileType = sourcecode.swift; path = ProfileImgView.swift; sourceTree = "<group>"; };
		86F316362BE619500013F924 /* UserDetailView.swift */ = {isa = PBXFileReference; lastKnownFileType = sourcecode.swift; path = UserDetailView.swift; sourceTree = "<group>"; };
		86F3163F2BE6713D0013F924 /* ZoomableScrollView.swift */ = {isa = PBXFileReference; fileEncoding = 4; lastKnownFileType = sourcecode.swift; path = ZoomableScrollView.swift; sourceTree = "<group>"; };
/* End PBXFileReference section */

/* Begin PBXFrameworksBuildPhase section */
		86EE90742BE231D300FB6960 /* Frameworks */ = {
			isa = PBXFrameworksBuildPhase;
			buildActionMask = 2147483647;
			files = (
			);
			runOnlyForDeploymentPostprocessing = 0;
		};
		86EE90852BE231E800FB6960 /* Frameworks */ = {
			isa = PBXFrameworksBuildPhase;
			buildActionMask = 2147483647;
			files = (
			);
			runOnlyForDeploymentPostprocessing = 0;
		};
		86EE90902BE231E800FB6960 /* Frameworks */ = {
			isa = PBXFrameworksBuildPhase;
			buildActionMask = 2147483647;
			files = (
			);
			runOnlyForDeploymentPostprocessing = 0;
		};
/* End PBXFrameworksBuildPhase section */

/* Begin PBXGroup section */
		86065ECA2BE2363600EE485A /* Model */ = {
			isa = PBXGroup;
			children = (
				86065ECB2BE2365000EE485A /* UsersModel.swift */,
			);
			path = Model;
			sourceTree = "<group>";
		};
		86065EDC2BE270ED00EE485A /* Utilities */ = {
			isa = PBXGroup;
			children = (
				86065EDD2BE2715300EE485A /* NetworkError.swift */,
				86065EE52BE2734D00EE485A /* NetworkManager.swift */,
				86065EEA2BE2811700EE485A /* AlertItem.swift */,
			);
			path = Utilities;
			sourceTree = "<group>";
		};
		86065EF02BE281C700EE485A /* CommonViews */ = {
			isa = PBXGroup;
			children = (
				86065EF12BE282E500EE485A /* LoadingView.swift */,
				86F3163F2BE6713D0013F924 /* ZoomableScrollView.swift */,
			);
			path = CommonViews;
			sourceTree = "<group>";
		};
		86EE906E2BE231D300FB6960 = {
			isa = PBXGroup;
			children = (
				86EE90792BE231D300FB6960 /* CodilityApp */,
				86EE908B2BE231E800FB6960 /* CodilityAppTests */,
				86EE90962BE231E800FB6960 /* CodilityAppUITests */,
				86EE90782BE231D300FB6960 /* Products */,
			);
			sourceTree = "<group>";
		};
		86EE90782BE231D300FB6960 /* Products */ = {
			isa = PBXGroup;
			children = (
				86EE90772BE231D300FB6960 /* CodilityApp.app */,
				86EE90882BE231E800FB6960 /* CodilityAppTests.xctest */,
				86EE90932BE231E800FB6960 /* CodilityAppUITests.xctest */,
			);
			name = Products;
			sourceTree = "<group>";
		};
		86EE90792BE231D300FB6960 /* CodilityApp */ = {
			isa = PBXGroup;
			children = (
				86EE907A2BE231D400FB6960 /* CodilityApp.swift */,
				86065EF02BE281C700EE485A /* CommonViews */,
				86065EDC2BE270ED00EE485A /* Utilities */,
				86EE90A82BE2327300FB6960 /* Users */,
				86EE907E2BE231E600FB6960 /* Assets.xcassets */,
				86EE90832BE231E700FB6960 /* Info.plist */,
				86EE90802BE231E600FB6960 /* Preview Content */,
			);
			path = CodilityApp;
			sourceTree = "<group>";
		};
		86EE90802BE231E600FB6960 /* Preview Content */ = {
			isa = PBXGroup;
			children = (
				86EE90812BE231E600FB6960 /* Preview Assets.xcassets */,
			);
			path = "Preview Content";
			sourceTree = "<group>";
		};
		86EE908B2BE231E800FB6960 /* CodilityAppTests */ = {
			isa = PBXGroup;
			children = (
				86EE908C2BE231E800FB6960 /* CodilityAppTests.swift */,
				86EE908E2BE231E800FB6960 /* Info.plist */,
			);
			path = CodilityAppTests;
			sourceTree = "<group>";
		};
		86EE90962BE231E800FB6960 /* CodilityAppUITests */ = {
			isa = PBXGroup;
			children = (
				86EE90972BE231E800FB6960 /* CodilityAppUITests.swift */,
				86EE90992BE231E800FB6960 /* Info.plist */,
			);
			path = CodilityAppUITests;
			sourceTree = "<group>";
		};
		86EE90A82BE2327300FB6960 /* Users */ = {
			isa = PBXGroup;
			children = (
				86065ECA2BE2363600EE485A /* Model */,
				86EE90B12BE232D900FB6960 /* ViewModel */,
				86EE90AD2BE232B300FB6960 /* View */,
				86F3163B2BE619670013F924 /* UserDetail */,
			);
			path = Users;
			sourceTree = "<group>";
		};
		86EE90AD2BE232B300FB6960 /* View */ = {
			isa = PBXGroup;
			children = (
				86EE907C2BE231D400FB6960 /* UsersView.swift */,
				86F3162B2BE615CF0013F924 /* ProfileImgView.swift */,
			);
			path = View;
			sourceTree = "<group>";
		};
		86EE90B12BE232D900FB6960 /* ViewModel */ = {
			isa = PBXGroup;
			children = (
				86065EC52BE235B300EE485A /* UsersVM.swift */,
				86F316262BE613F60013F924 /* ImageLoaderVM.swift */,
			);
			path = ViewModel;
			sourceTree = "<group>";
		};
		86F3163B2BE619670013F924 /* UserDetail */ = {
			isa = PBXGroup;
			children = (
				86F316362BE619500013F924 /* UserDetailView.swift */,
			);
			path = UserDetail;
			sourceTree = "<group>";
		};
/* End PBXGroup section */

/* Begin PBXNativeTarget section */
		86EE90762BE231D300FB6960 /* CodilityApp */ = {
			isa = PBXNativeTarget;
			buildConfigurationList = 86EE909C2BE231E800FB6960 /* Build configuration list for PBXNativeTarget "CodilityApp" */;
			buildPhases = (
				86EE90732BE231D300FB6960 /* Sources */,
				86EE90742BE231D300FB6960 /* Frameworks */,
				86EE90752BE231D300FB6960 /* Resources */,
			);
			buildRules = (
			);
			dependencies = (
			);
			name = CodilityApp;
			productName = CodilityApp;
			productReference = 86EE90772BE231D300FB6960 /* CodilityApp.app */;
			productType = "com.apple.product-type.application";
		};
		86EE90872BE231E800FB6960 /* CodilityAppTests */ = {
			isa = PBXNativeTarget;
			buildConfigurationList = 86EE909F2BE231E800FB6960 /* Build configuration list for PBXNativeTarget "CodilityAppTests" */;
			buildPhases = (
				86EE90842BE231E800FB6960 /* Sources */,
				86EE90852BE231E800FB6960 /* Frameworks */,
				86EE90862BE231E800FB6960 /* Resources */,
			);
			buildRules = (
			);
			dependencies = (
				86EE908A2BE231E800FB6960 /* PBXTargetDependency */,
			);
			name = CodilityAppTests;
			productName = CodilityAppTests;
			productReference = 86EE90882BE231E800FB6960 /* CodilityAppTests.xctest */;
			productType = "com.apple.product-type.bundle.unit-test";
		};
		86EE90922BE231E800FB6960 /* CodilityAppUITests */ = {
			isa = PBXNativeTarget;
			buildConfigurationList = 86EE90A22BE231E800FB6960 /* Build configuration list for PBXNativeTarget "CodilityAppUITests" */;
			buildPhases = (
				86EE908F2BE231E800FB6960 /* Sources */,
				86EE90902BE231E800FB6960 /* Frameworks */,
				86EE90912BE231E800FB6960 /* Resources */,
			);
			buildRules = (
			);
			dependencies = (
				86EE90952BE231E800FB6960 /* PBXTargetDependency */,
			);
			name = CodilityAppUITests;
			productName = CodilityAppUITests;
			productReference = 86EE90932BE231E800FB6960 /* CodilityAppUITests.xctest */;
			productType = "com.apple.product-type.bundle.ui-testing";
		};
/* End PBXNativeTarget section */

/* Begin PBXProject section */
		86EE906F2BE231D300FB6960 /* Project object */ = {
			isa = PBXProject;
			attributes = {
				LastSwiftUpdateCheck = 1240;
				LastUpgradeCheck = 1240;
				TargetAttributes = {
					86EE90762BE231D300FB6960 = {
						CreatedOnToolsVersion = 12.4;
					};
					86EE90872BE231E800FB6960 = {
						CreatedOnToolsVersion = 12.4;
						TestTargetID = 86EE90762BE231D300FB6960;
					};
					86EE90922BE231E800FB6960 = {
						CreatedOnToolsVersion = 12.4;
						TestTargetID = 86EE90762BE231D300FB6960;
					};
				};
			};
			buildConfigurationList = 86EE90722BE231D300FB6960 /* Build configuration list for PBXProject "CodilityApp" */;
			compatibilityVersion = "Xcode 9.3";
			developmentRegion = en;
			hasScannedForEncodings = 0;
			knownRegions = (
				en,
				Base,
			);
			mainGroup = 86EE906E2BE231D300FB6960;
			productRefGroup = 86EE90782BE231D300FB6960 /* Products */;
			projectDirPath = "";
			projectRoot = "";
			targets = (
				86EE90762BE231D300FB6960 /* CodilityApp */,
				86EE90872BE231E800FB6960 /* CodilityAppTests */,
				86EE90922BE231E800FB6960 /* CodilityAppUITests */,
			);
		};
/* End PBXProject section */

/* Begin PBXResourcesBuildPhase section */
		86EE90752BE231D300FB6960 /* Resources */ = {
			isa = PBXResourcesBuildPhase;
			buildActionMask = 2147483647;
			files = (
				86EE90822BE231E600FB6960 /* Preview Assets.xcassets in Resources */,
				86EE907F2BE231E600FB6960 /* Assets.xcassets in Resources */,
			);
			runOnlyForDeploymentPostprocessing = 0;
		};
		86EE90862BE231E800FB6960 /* Resources */ = {
			isa = PBXResourcesBuildPhase;
			buildActionMask = 2147483647;
			files = (
			);
			runOnlyForDeploymentPostprocessing = 0;
		};
		86EE90912BE231E800FB6960 /* Resources */ = {
			isa = PBXResourcesBuildPhase;
			buildActionMask = 2147483647;
			files = (
			);
			runOnlyForDeploymentPostprocessing = 0;
		};
/* End PBXResourcesBuildPhase section */

/* Begin PBXSourcesBuildPhase section */
		86EE90732BE231D300FB6960 /* Sources */ = {
			isa = PBXSourcesBuildPhase;
			buildActionMask = 2147483647;
			files = (
				86065EEB2BE2811700EE485A /* AlertItem.swift in Sources */,
				86065EE62BE2734D00EE485A /* NetworkManager.swift in Sources */,
				86EE907D2BE231D400FB6960 /* UsersView.swift in Sources */,
				86F3162C2BE615CF0013F924 /* ProfileImgView.swift in Sources */,
				86EE907B2BE231D400FB6960 /* CodilityApp.swift in Sources */,
				86065EC62BE235B300EE485A /* UsersVM.swift in Sources */,
				86065EF22BE282E500EE485A /* LoadingView.swift in Sources */,
				86065ECC2BE2365000EE485A /* UsersModel.swift in Sources */,
				86065EDE2BE2715300EE485A /* NetworkError.swift in Sources */,
				86F316272BE613F70013F924 /* ImageLoaderVM.swift in Sources */,
				86F316402BE6713E0013F924 /* ZoomableScrollView.swift in Sources */,
				86F316372BE619510013F924 /* UserDetailView.swift in Sources */,
			);
			runOnlyForDeploymentPostprocessing = 0;
		};
		86EE90842BE231E800FB6960 /* Sources */ = {
			isa = PBXSourcesBuildPhase;
			buildActionMask = 2147483647;
			files = (
				86EE908D2BE231E800FB6960 /* CodilityAppTests.swift in Sources */,
			);
			runOnlyForDeploymentPostprocessing = 0;
		};
		86EE908F2BE231E800FB6960 /* Sources */ = {
			isa = PBXSourcesBuildPhase;
			buildActionMask = 2147483647;
			files = (
				86EE90982BE231E800FB6960 /* CodilityAppUITests.swift in Sources */,
			);
			runOnlyForDeploymentPostprocessing = 0;
		};
/* End PBXSourcesBuildPhase section */

/* Begin PBXTargetDependency section */
		86EE908A2BE231E800FB6960 /* PBXTargetDependency */ = {
			isa = PBXTargetDependency;
			target = 86EE90762BE231D300FB6960 /* CodilityApp */;
			targetProxy = 86EE90892BE231E800FB6960 /* PBXContainerItemProxy */;
		};
		86EE90952BE231E800FB6960 /* PBXTargetDependency */ = {
			isa = PBXTargetDependency;
			target = 86EE90762BE231D300FB6960 /* CodilityApp */;
			targetProxy = 86EE90942BE231E800FB6960 /* PBXContainerItemProxy */;
		};
/* End PBXTargetDependency section */

/* Begin XCBuildConfiguration section */
		86EE909A2BE231E800FB6960 /* Debug */ = {
			isa = XCBuildConfiguration;
			buildSettings = {
				ALWAYS_SEARCH_USER_PATHS = NO;
				CLANG_ANALYZER_NONNULL = YES;
				CLANG_ANALYZER_NUMBER_OBJECT_CONVERSION = YES_AGGRESSIVE;
				CLANG_CXX_LANGUAGE_STANDARD = "gnu++14";
				CLANG_CXX_LIBRARY = "libc++";
				CLANG_ENABLE_MODULES = YES;
				CLANG_ENABLE_OBJC_ARC = YES;
				CLANG_ENABLE_OBJC_WEAK = YES;
				CLANG_WARN_BLOCK_CAPTURE_AUTORELEASING = YES;
				CLANG_WARN_BOOL_CONVERSION = YES;
				CLANG_WARN_COMMA = YES;
				CLANG_WARN_CONSTANT_CONVERSION = YES;
				CLANG_WARN_DEPRECATED_OBJC_IMPLEMENTATIONS = YES;
				CLANG_WARN_DIRECT_OBJC_ISA_USAGE = YES_ERROR;
				CLANG_WARN_DOCUMENTATION_COMMENTS = YES;
				CLANG_WARN_EMPTY_BODY = YES;
				CLANG_WARN_ENUM_CONVERSION = YES;
				CLANG_WARN_INFINITE_RECURSION = YES;
				CLANG_WARN_INT_CONVERSION = YES;
				CLANG_WARN_NON_LITERAL_NULL_CONVERSION = YES;
				CLANG_WARN_OBJC_IMPLICIT_RETAIN_SELF = YES;
				CLANG_WARN_OBJC_LITERAL_CONVERSION = YES;
				CLANG_WARN_OBJC_ROOT_CLASS = YES_ERROR;
				CLANG_WARN_QUOTED_INCLUDE_IN_FRAMEWORK_HEADER = YES;
				CLANG_WARN_RANGE_LOOP_ANALYSIS = YES;
				CLANG_WARN_STRICT_PROTOTYPES = YES;
				CLANG_WARN_SUSPICIOUS_MOVE = YES;
				CLANG_WARN_UNGUARDED_AVAILABILITY = YES_AGGRESSIVE;
				CLANG_WARN_UNREACHABLE_CODE = YES;
				CLANG_WARN__DUPLICATE_METHOD_MATCH = YES;
				COPY_PHASE_STRIP = NO;
				DEBUG_INFORMATION_FORMAT = dwarf;
				ENABLE_STRICT_OBJC_MSGSEND = YES;
				ENABLE_TESTABILITY = YES;
				GCC_C_LANGUAGE_STANDARD = gnu11;
				GCC_DYNAMIC_NO_PIC = NO;
				GCC_NO_COMMON_BLOCKS = YES;
				GCC_OPTIMIZATION_LEVEL = 0;
				GCC_PREPROCESSOR_DEFINITIONS = (
					"DEBUG=1",
					"$(inherited)",
				);
				GCC_WARN_64_TO_32_BIT_CONVERSION = YES;
				GCC_WARN_ABOUT_RETURN_TYPE = YES_ERROR;
				GCC_WARN_UNDECLARED_SELECTOR = YES;
				GCC_WARN_UNINITIALIZED_AUTOS = YES_AGGRESSIVE;
				GCC_WARN_UNUSED_FUNCTION = YES;
				GCC_WARN_UNUSED_VARIABLE = YES;
				IPHONEOS_DEPLOYMENT_TARGET = 14.4;
				MTL_ENABLE_DEBUG_INFO = INCLUDE_SOURCE;
				MTL_FAST_MATH = YES;
				ONLY_ACTIVE_ARCH = YES;
				SDKROOT = iphoneos;
				SWIFT_ACTIVE_COMPILATION_CONDITIONS = DEBUG;
				SWIFT_OPTIMIZATION_LEVEL = "-Onone";
			};
			name = Debug;
		};
		86EE909B2BE231E800FB6960 /* Release */ = {
			isa = XCBuildConfiguration;
			buildSettings = {
				ALWAYS_SEARCH_USER_PATHS = NO;
				CLANG_ANALYZER_NONNULL = YES;
				CLANG_ANALYZER_NUMBER_OBJECT_CONVERSION = YES_AGGRESSIVE;
				CLANG_CXX_LANGUAGE_STANDARD = "gnu++14";
				CLANG_CXX_LIBRARY = "libc++";
				CLANG_ENABLE_MODULES = YES;
				CLANG_ENABLE_OBJC_ARC = YES;
				CLANG_ENABLE_OBJC_WEAK = YES;
				CLANG_WARN_BLOCK_CAPTURE_AUTORELEASING = YES;
				CLANG_WARN_BOOL_CONVERSION = YES;
				CLANG_WARN_COMMA = YES;
				CLANG_WARN_CONSTANT_CONVERSION = YES;
				CLANG_WARN_DEPRECATED_OBJC_IMPLEMENTATIONS = YES;
				CLANG_WARN_DIRECT_OBJC_ISA_USAGE = YES_ERROR;
				CLANG_WARN_DOCUMENTATION_COMMENTS = YES;
				CLANG_WARN_EMPTY_BODY = YES;
				CLANG_WARN_ENUM_CONVERSION = YES;
				CLANG_WARN_INFINITE_RECURSION = YES;
				CLANG_WARN_INT_CONVERSION = YES;
				CLANG_WARN_NON_LITERAL_NULL_CONVERSION = YES;
				CLANG_WARN_OBJC_IMPLICIT_RETAIN_SELF = YES;
				CLANG_WARN_OBJC_LITERAL_CONVERSION = YES;
				CLANG_WARN_OBJC_ROOT_CLASS = YES_ERROR;
				CLANG_WARN_QUOTED_INCLUDE_IN_FRAMEWORK_HEADER = YES;
				CLANG_WARN_RANGE_LOOP_ANALYSIS = YES;
				CLANG_WARN_STRICT_PROTOTYPES = YES;
				CLANG_WARN_SUSPICIOUS_MOVE = YES;
				CLANG_WARN_UNGUARDED_AVAILABILITY = YES_AGGRESSIVE;
				CLANG_WARN_UNREACHABLE_CODE = YES;
				CLANG_WARN__DUPLICATE_METHOD_MATCH = YES;
				COPY_PHASE_STRIP = NO;
				DEBUG_INFORMATION_FORMAT = "dwarf-with-dsym";
				ENABLE_NS_ASSERTIONS = NO;
				ENABLE_STRICT_OBJC_MSGSEND = YES;
				GCC_C_LANGUAGE_STANDARD = gnu11;
				GCC_NO_COMMON_BLOCKS = YES;
				GCC_WARN_64_TO_32_BIT_CONVERSION = YES;
				GCC_WARN_ABOUT_RETURN_TYPE = YES_ERROR;
				GCC_WARN_UNDECLARED_SELECTOR = YES;
				GCC_WARN_UNINITIALIZED_AUTOS = YES_AGGRESSIVE;
				GCC_WARN_UNUSED_FUNCTION = YES;
				GCC_WARN_UNUSED_VARIABLE = YES;
				IPHONEOS_DEPLOYMENT_TARGET = 14.4;
				MTL_ENABLE_DEBUG_INFO = NO;
				MTL_FAST_MATH = YES;
				SDKROOT = iphoneos;
				SWIFT_COMPILATION_MODE = wholemodule;
				SWIFT_OPTIMIZATION_LEVEL = "-O";
				VALIDATE_PRODUCT = YES;
			};
			name = Release;
		};
		86EE909D2BE231E800FB6960 /* Debug */ = {
			isa = XCBuildConfiguration;
			buildSettings = {
				ASSETCATALOG_COMPILER_APPICON_NAME = AppIcon;
				ASSETCATALOG_COMPILER_GLOBAL_ACCENT_COLOR_NAME = AccentColor;
				CODE_SIGN_STYLE = Automatic;
				DEVELOPMENT_ASSET_PATHS = "\"CodilityApp/Preview Content\"";
				ENABLE_PREVIEWS = YES;
				INFOPLIST_FILE = CodilityApp/Info.plist;
				IPHONEOS_DEPLOYMENT_TARGET = 14.0;
				LD_RUNPATH_SEARCH_PATHS = (
					"$(inherited)",
					"@executable_path/Frameworks",
				);
				PRODUCT_BUNDLE_IDENTIFIER = com.asd.app.CodilityApp;
				PRODUCT_NAME = "$(TARGET_NAME)";
				SWIFT_VERSION = 5.0;
				TARGETED_DEVICE_FAMILY = "1,2";
			};
			name = Debug;
		};
		86EE909E2BE231E800FB6960 /* Release */ = {
			isa = XCBuildConfiguration;
			buildSettings = {
				ASSETCATALOG_COMPILER_APPICON_NAME = AppIcon;
				ASSETCATALOG_COMPILER_GLOBAL_ACCENT_COLOR_NAME = AccentColor;
				CODE_SIGN_STYLE = Automatic;
				DEVELOPMENT_ASSET_PATHS = "\"CodilityApp/Preview Content\"";
				ENABLE_PREVIEWS = YES;
				INFOPLIST_FILE = CodilityApp/Info.plist;
				IPHONEOS_DEPLOYMENT_TARGET = 14.0;
				LD_RUNPATH_SEARCH_PATHS = (
					"$(inherited)",
					"@executable_path/Frameworks",
				);
				PRODUCT_BUNDLE_IDENTIFIER = com.asd.app.CodilityApp;
				PRODUCT_NAME = "$(TARGET_NAME)";
				SWIFT_VERSION = 5.0;
				TARGETED_DEVICE_FAMILY = "1,2";
			};
			name = Release;
		};
		86EE90A02BE231E800FB6960 /* Debug */ = {
			isa = XCBuildConfiguration;
			buildSettings = {
				ALWAYS_EMBED_SWIFT_STANDARD_LIBRARIES = YES;
				BUNDLE_LOADER = "$(TEST_HOST)";
				CODE_SIGN_STYLE = Automatic;
				INFOPLIST_FILE = CodilityAppTests/Info.plist;
				IPHONEOS_DEPLOYMENT_TARGET = 14.0;
				LD_RUNPATH_SEARCH_PATHS = (
					"$(inherited)",
					"@executable_path/Frameworks",
					"@loader_path/Frameworks",
				);
				PRODUCT_BUNDLE_IDENTIFIER = com.asd.app.CodilityAppTests;
				PRODUCT_NAME = "$(TARGET_NAME)";
				SWIFT_VERSION = 5.0;
				TARGETED_DEVICE_FAMILY = "1,2";
				TEST_HOST = "$(BUILT_PRODUCTS_DIR)/CodilityApp.app/CodilityApp";
			};
			name = Debug;
		};
		86EE90A12BE231E800FB6960 /* Release */ = {
			isa = XCBuildConfiguration;
			buildSettings = {
				ALWAYS_EMBED_SWIFT_STANDARD_LIBRARIES = YES;
				BUNDLE_LOADER = "$(TEST_HOST)";
				CODE_SIGN_STYLE = Automatic;
				INFOPLIST_FILE = CodilityAppTests/Info.plist;
				IPHONEOS_DEPLOYMENT_TARGET = 14.0;
				LD_RUNPATH_SEARCH_PATHS = (
					"$(inherited)",
					"@executable_path/Frameworks",
					"@loader_path/Frameworks",
				);
				PRODUCT_BUNDLE_IDENTIFIER = com.asd.app.CodilityAppTests;
				PRODUCT_NAME = "$(TARGET_NAME)";
				SWIFT_VERSION = 5.0;
				TARGETED_DEVICE_FAMILY = "1,2";
				TEST_HOST = "$(BUILT_PRODUCTS_DIR)/CodilityApp.app/CodilityApp";
			};
			name = Release;
		};
		86EE90A32BE231E800FB6960 /* Debug */ = {
			isa = XCBuildConfiguration;
			buildSettings = {
				ALWAYS_EMBED_SWIFT_STANDARD_LIBRARIES = YES;
				CODE_SIGN_STYLE = Automatic;
				INFOPLIST_FILE = CodilityAppUITests/Info.plist;
				LD_RUNPATH_SEARCH_PATHS = (
					"$(inherited)",
					"@executable_path/Frameworks",
					"@loader_path/Frameworks",
				);
				PRODUCT_BUNDLE_IDENTIFIER = com.asd.app.CodilityAppUITests;
				PRODUCT_NAME = "$(TARGET_NAME)";
				SWIFT_VERSION = 5.0;
				TARGETED_DEVICE_FAMILY = "1,2";
				TEST_TARGET_NAME = CodilityApp;
			};
			name = Debug;
		};
		86EE90A42BE231E800FB6960 /* Release */ = {
			isa = XCBuildConfiguration;
			buildSettings = {
				ALWAYS_EMBED_SWIFT_STANDARD_LIBRARIES = YES;
				CODE_SIGN_STYLE = Automatic;
				INFOPLIST_FILE = CodilityAppUITests/Info.plist;
				LD_RUNPATH_SEARCH_PATHS = (
					"$(inherited)",
					"@executable_path/Frameworks",
					"@loader_path/Frameworks",
				);
				PRODUCT_BUNDLE_IDENTIFIER = com.asd.app.CodilityAppUITests;
				PRODUCT_NAME = "$(TARGET_NAME)";
				SWIFT_VERSION = 5.0;
				TARGETED_DEVICE_FAMILY = "1,2";
				TEST_TARGET_NAME = CodilityApp;
			};
			name = Release;
		};
/* End XCBuildConfiguration section */

/* Begin XCConfigurationList section */
		86EE90722BE231D300FB6960 /* Build configuration list for PBXProject "CodilityApp" */ = {
			isa = XCConfigurationList;
			buildConfigurations = (
				86EE909A2BE231E800FB6960 /* Debug */,
				86EE909B2BE231E800FB6960 /* Release */,
			);
			defaultConfigurationIsVisible = 0;
			defaultConfigurationName = Release;
		};
		86EE909C2BE231E800FB6960 /* Build configuration list for PBXNativeTarget "CodilityApp" */ = {
			isa = XCConfigurationList;
			buildConfigurations = (
				86EE909D2BE231E800FB6960 /* Debug */,
				86EE909E2BE231E800FB6960 /* Release */,
			);
			defaultConfigurationIsVisible = 0;
			defaultConfigurationName = Release;
		};
		86EE909F2BE231E800FB6960 /* Build configuration list for PBXNativeTarget "CodilityAppTests" */ = {
			isa = XCConfigurationList;
			buildConfigurations = (
				86EE90A02BE231E800FB6960 /* Debug */,
				86EE90A12BE231E800FB6960 /* Release */,
			);
			defaultConfigurationIsVisible = 0;
			defaultConfigurationName = Release;
		};
		86EE90A22BE231E800FB6960 /* Build configuration list for PBXNativeTarget "CodilityAppUITests" */ = {
			isa = XCConfigurationList;
			buildConfigurations = (
				86EE90A32BE231E800FB6960 /* Debug */,
				86EE90A42BE231E800FB6960 /* Release */,
			);
			defaultConfigurationIsVisible = 0;
			defaultConfigurationName = Release;
		};
/* End XCConfigurationList section */
	};
	rootObject = 86EE906F2BE231D300FB6960 /* Project object */;
}
